{
  "name": "studyline",
  "lockfileVersion": 2,
  "requires": true,
  "packages": {
    "": {
      "dependencies": {
        "@floating-ui/dom": "^0.4.4"
      }
    },
    "node_modules/@floating-ui/core": {
      "version": "0.6.1",
      "resolved": "https://registry.npmjs.org/@floating-ui/core/-/core-0.6.1.tgz",
      "integrity": "sha512-Y30eVMcZva8o84c0HcXAtDO4BEzPJMvF6+B7x7urL2xbAqVsGJhojOyHLaoQHQYjb6OkqRq5kO+zeySycQwKqg=="
    },
    "node_modules/@floating-ui/dom": {
      "version": "0.4.4",
      "resolved": "https://registry.npmjs.org/@floating-ui/dom/-/dom-0.4.4.tgz",
      "integrity": "sha512-0Ulu3B/dqQplUUSqnTx0foSrlYuMN+GTtlJWvNJwt6Fr7/PqmlR/Y08o6/+bxDWr6p3roBJRaQ51MDZsNmEhhw==",
      "dependencies": {
        "@floating-ui/core": "^0.6.1"
      }
    }
  },
  "dependencies": {
    "@floating-ui/core": {
      "version": "0.6.1",
      "resolved": "https://registry.npmjs.org/@floating-ui/core/-/core-0.6.1.tgz",
      "integrity": "sha512-Y30eVMcZva8o84c0HcXAtDO4BEzPJMvF6+B7x7urL2xbAqVsGJhojOyHLaoQHQYjb6OkqRq5kO+zeySycQwKqg=="
    },
    "@floating-ui/dom": {
      "version": "0.4.4",
      "resolved": "https://registry.npmjs.org/@floating-ui/dom/-/dom-0.4.4.tgz",
      "integrity": "sha512-0Ulu3B/dqQplUUSqnTx0foSrlYuMN+GTtlJWvNJwt6Fr7/PqmlR/Y08o6/+bxDWr6p3roBJRaQ51MDZsNmEhhw==",
      "requires": {
        "@floating-ui/core": "^0.6.1"
      }
    }
  }
}
